{
  "name": "con-error",
  "version": "0.0.1",
  "lockfileVersion": 1,
  "dependencies": {
    "error-stack-parser": {
      "version": "2.0.1",
      "resolved": "https://registry.npmjs.org/error-stack-parser/-/error-stack-parser-2.0.1.tgz",
      "integrity": "sha1-oyArj7AxFKqbQKDjZp5IsrZaAQo="
    },
    "stackframe": {
      "version": "1.0.3",
      "resolved": "https://registry.npmjs.org/stackframe/-/stackframe-1.0.3.tgz",
      "integrity": "sha1-/mSrILFw5M5JBEsSbBGd+g5dx8w="
    }
  }
}
